
Microsoft Visual Studio Solution File, Format Version 12.00
# Visual Studio 14
VisualStudioVersion = 14.0.24720.0
MinimumVisualStudioVersion = 10.0.40219.1
Project("{FAE04EC0-301F-11D3-BF4B-00C04F79EFBC}") = "InmobiliariaGoni", "InmobiliariaGoni\InmobiliariaGoni.csproj", "{0CD74E58-2389-4205-9EF6-9E291CF244F9}"
EndProject
Project("{FAE04EC0-301F-11D3-BF4B-00C04F79EFBC}") = "InmobiliariaGoni.Tests", "InmobiliariaGoni.Tests\InmobiliariaGoni.Tests.csproj", "{8C70A839-086C-46B7-A968-3C7C328C18C1}"
EndProject
Global
	GlobalSection(SolutionConfigurationPlatforms) = preSolution
		Debug|Any CPU = Debug|Any CPU
		Release|Any CPU = Release|Any CPU
	EndGlobalSection
	GlobalSection(ProjectConfigurationPlatforms) = postSolution
		{0CD74E58-2389-4205-9EF6-9E291CF244F9}.Debug|Any CPU.ActiveCfg = Debug|Any CPU
		{0CD74E58-2389-4205-9EF6-9E291CF244F9}.Debug|Any CPU.Build.0 = Debug|Any CPU
		{0CD74E58-2389-4205-9EF6-9E291CF244F9}.Release|Any CPU.ActiveCfg = Release|Any CPU
		{0CD74E58-2389-4205-9EF6-9E291CF244F9}.Release|Any CPU.Build.0 = Release|Any CPU
		{8C70A839-086C-46B7-A968-3C7C328C18C1}.Debug|Any CPU.ActiveCfg = Debug|Any CPU
		{8C70A839-086C-46B7-A968-3C7C328C18C1}.Debug|Any CPU.Build.0 = Debug|Any CPU
		{8C70A839-086C-46B7-A968-3C7C328C18C1}.Release|Any CPU.ActiveCfg = Release|Any CPU
		{8C70A839-086C-46B7-A968-3C7C328C18C1}.Release|Any CPU.Build.0 = Release|Any CPU
	EndGlobalSection
	GlobalSection(SolutionProperties) = preSolution
		HideSolutionNode = FALSE
	EndGlobalSection
EndGlobal
